
Microsoft Visual Studio Solution File, Format Version 12.00
# Visual Studio Version 16
VisualStudioVersion = 16.0.31112.23
MinimumVisualStudioVersion = 10.0.40219.1
Project("{FAE04EC0-301F-11D3-BF4B-00C04F79EFBC}") = "Pizzeria", "Pizzeria\Pizzeria.csproj", "{46954294-B3B2-4CA9-B8C1-685AB0A1FCDA}"
EndProject
Global
	GlobalSection(SolutionConfigurationPlatforms) = preSolution
		Debug|Any CPU = Debug|Any CPU
		Release|Any CPU = Release|Any CPU
	EndGlobalSection
	GlobalSection(ProjectConfigurationPlatforms) = postSolution
		{46954294-B3B2-4CA9-B8C1-685AB0A1FCDA}.Debug|Any CPU.ActiveCfg = Debug|Any CPU
		{46954294-B3B2-4CA9-B8C1-685AB0A1FCDA}.Debug|Any CPU.Build.0 = Debug|Any CPU
		{46954294-B3B2-4CA9-B8C1-685AB0A1FCDA}.Release|Any CPU.ActiveCfg = Release|Any CPU
		{46954294-B3B2-4CA9-B8C1-685AB0A1FCDA}.Release|Any CPU.Build.0 = Release|Any CPU
	EndGlobalSection
	GlobalSection(SolutionProperties) = preSolution
		HideSolutionNode = FALSE
	EndGlobalSection
	GlobalSection(ExtensibilityGlobals) = postSolution
		SolutionGuid = {A56184C7-7386-42D8-864F-C9A99AC8833B}
	EndGlobalSection
EndGlobal
